
Microsoft Visual Studio Solution File, Format Version 12.00
# Visual Studio 2013
VisualStudioVersion = 12.0.31101.0
MinimumVisualStudioVersion = 10.0.40219.1
Project("{FAE04EC0-301F-11D3-BF4B-00C04F79EFBC}") = "Student.Domain", "Student.Domain\Student.Domain.csproj", "{64A72B90-07FF-46EE-BB22-66F91F944B7E}"
EndProject
Project("{00D1A9C2-B5F0-4AF3-8072-F6C62B433612}") = "Student.Database", "Student.Database\Student.Database.sqlproj", "{41D986ED-646D-4D60-9E1E-CB869EE18D10}"
EndProject
Project("{FAE04EC0-301F-11D3-BF4B-00C04F79EFBC}") = "Student.DataAccess", "Student.DataAccess\Student.DataAccess.csproj", "{7AECCCA5-E649-4190-B165-231B0BFF93C9}"
EndProject
Project("{2150E333-8FDC-42A3-9474-1A3956D46DE8}") = ".nuget", ".nuget", "{4B50DC2D-22A8-4944-8616-D7A612AED4DC}"
	ProjectSection(SolutionItems) = preProject
		.nuget\NuGet.Config = .nuget\NuGet.Config
		.nuget\NuGet.exe = .nuget\NuGet.exe
		.nuget\NuGet.targets = .nuget\NuGet.targets
	EndProjectSection
EndProject
Project("{FAE04EC0-301F-11D3-BF4B-00C04F79EFBC}") = "Student.DependencyResolution", "Student.DependencyResolution\Student.DependencyResolution.csproj", "{EBE54985-8468-40F9-8EEF-9273F4D7BE6A}"
EndProject
Project("{FAE04EC0-301F-11D3-BF4B-00C04F79EFBC}") = "Student.API", "Student.API\Student.API.csproj", "{3E7F319E-B037-4DF1-B5D2-CB8B03FF040D}"
EndProject
Global
	GlobalSection(SolutionConfigurationPlatforms) = preSolution
		Debug|Any CPU = Debug|Any CPU
		Release|Any CPU = Release|Any CPU
	EndGlobalSection
	GlobalSection(ProjectConfigurationPlatforms) = postSolution
		{64A72B90-07FF-46EE-BB22-66F91F944B7E}.Debug|Any CPU.ActiveCfg = Debug|Any CPU
		{64A72B90-07FF-46EE-BB22-66F91F944B7E}.Debug|Any CPU.Build.0 = Debug|Any CPU
		{64A72B90-07FF-46EE-BB22-66F91F944B7E}.Release|Any CPU.ActiveCfg = Release|Any CPU
		{64A72B90-07FF-46EE-BB22-66F91F944B7E}.Release|Any CPU.Build.0 = Release|Any CPU
		{41D986ED-646D-4D60-9E1E-CB869EE18D10}.Debug|Any CPU.ActiveCfg = Debug|Any CPU
		{41D986ED-646D-4D60-9E1E-CB869EE18D10}.Debug|Any CPU.Build.0 = Debug|Any CPU
		{41D986ED-646D-4D60-9E1E-CB869EE18D10}.Debug|Any CPU.Deploy.0 = Debug|Any CPU
		{41D986ED-646D-4D60-9E1E-CB869EE18D10}.Release|Any CPU.ActiveCfg = Release|Any CPU
		{41D986ED-646D-4D60-9E1E-CB869EE18D10}.Release|Any CPU.Build.0 = Release|Any CPU
		{41D986ED-646D-4D60-9E1E-CB869EE18D10}.Release|Any CPU.Deploy.0 = Release|Any CPU
		{7AECCCA5-E649-4190-B165-231B0BFF93C9}.Debug|Any CPU.ActiveCfg = Debug|Any CPU
		{7AECCCA5-E649-4190-B165-231B0BFF93C9}.Debug|Any CPU.Build.0 = Debug|Any CPU
		{7AECCCA5-E649-4190-B165-231B0BFF93C9}.Release|Any CPU.ActiveCfg = Release|Any CPU
		{7AECCCA5-E649-4190-B165-231B0BFF93C9}.Release|Any CPU.Build.0 = Release|Any CPU
		{EBE54985-8468-40F9-8EEF-9273F4D7BE6A}.Debug|Any CPU.ActiveCfg = Debug|Any CPU
		{EBE54985-8468-40F9-8EEF-9273F4D7BE6A}.Debug|Any CPU.Build.0 = Debug|Any CPU
		{EBE54985-8468-40F9-8EEF-9273F4D7BE6A}.Release|Any CPU.ActiveCfg = Release|Any CPU
		{EBE54985-8468-40F9-8EEF-9273F4D7BE6A}.Release|Any CPU.Build.0 = Release|Any CPU
		{3E7F319E-B037-4DF1-B5D2-CB8B03FF040D}.Debug|Any CPU.ActiveCfg = Debug|Any CPU
		{3E7F319E-B037-4DF1-B5D2-CB8B03FF040D}.Debug|Any CPU.Build.0 = Debug|Any CPU
		{3E7F319E-B037-4DF1-B5D2-CB8B03FF040D}.Release|Any CPU.ActiveCfg = Release|Any CPU
		{3E7F319E-B037-4DF1-B5D2-CB8B03FF040D}.Release|Any CPU.Build.0 = Release|Any CPU
	EndGlobalSection
	GlobalSection(SolutionProperties) = preSolution
		HideSolutionNode = FALSE
	EndGlobalSection
EndGlobal
